// !$*UTF8*$!
{
	archiveVersion = 1;
	classes = {
	};
	objectVersion = 56;
	objects = {

/* Begin PBXBuildFile section */
		4163F48A2B6CF9F4001D139A /* CustomBackgroundColor.swift in Sources */ = {isa = PBXBuildFile; fileRef = 4163F4892B6CF9F4001D139A /* CustomBackgroundColor.swift */; };
		4163F48E2B6D4D9B001D139A /* TaskAsanaMode.swift in Sources */ = {isa = PBXBuildFile; fileRef = 4163F48D2B6D4D9B001D139A /* TaskAsanaMode.swift */; };
		4163F4912B6D5424001D139A /* ProjectCellModel.swift in Sources */ = {isa = PBXBuildFile; fileRef = 4163F4902B6D5424001D139A /* ProjectCellModel.swift */; };
		4163F4932B6D5F10001D139A /* HomeNavigator.swift in Sources */ = {isa = PBXBuildFile; fileRef = 4163F4922B6D5F0F001D139A /* HomeNavigator.swift */; };
		4163F4952B6D662A001D139A /* ProjectTasksNavigator.swift in Sources */ = {isa = PBXBuildFile; fileRef = 4163F4942B6D662A001D139A /* ProjectTasksNavigator.swift */; };
		4163F4972B6D7072001D139A /* AsanaAuthenticationModel.swift in Sources */ = {isa = PBXBuildFile; fileRef = 4163F4962B6D7072001D139A /* AsanaAuthenticationModel.swift */; };
		417A807F2B6E33CE00E867E7 /* SubTaskModel.swift in Sources */ = {isa = PBXBuildFile; fileRef = 417A807E2B6E33CE00E867E7 /* SubTaskModel.swift */; };
		417A80892B6ECF3100E867E7 /* AddSubtaskViewModel.swift in Sources */ = {isa = PBXBuildFile; fileRef = 417A80882B6ECF3100E867E7 /* AddSubtaskViewModel.swift */; };
		417A808B2B6ECF4000E867E7 /* TaskDetailsNavigator.swift in Sources */ = {isa = PBXBuildFile; fileRef = 417A808A2B6ECF4000E867E7 /* TaskDetailsNavigator.swift */; };
		417A808D2B6ED06900E867E7 /* AddSubtaskViewController.swift in Sources */ = {isa = PBXBuildFile; fileRef = 417A808C2B6ED06900E867E7 /* AddSubtaskViewController.swift */; };
		41BA94D12B70FEE5009AA25C /* UserTaskListModel.swift in Sources */ = {isa = PBXBuildFile; fileRef = 41BA94D02B70FEE5009AA25C /* UserTaskListModel.swift */; };
		41BA94D32B710D06009AA25C /* MyTaskListNavigator.swift in Sources */ = {isa = PBXBuildFile; fileRef = 41BA94D22B710D06009AA25C /* MyTaskListNavigator.swift */; };
		41BA94D52B7130EB009AA25C /* UserProfileModel.swift in Sources */ = {isa = PBXBuildFile; fileRef = 41BA94D42B7130EB009AA25C /* UserProfileModel.swift */; };
		41BA94DA2B74F6DB009AA25C /* AddTaskViewController.swift in Sources */ = {isa = PBXBuildFile; fileRef = 41BA94D92B74F6DB009AA25C /* AddTaskViewController.swift */; };
		41BA94DC2B74F6E8009AA25C /* AddTaskViewModel.swift in Sources */ = {isa = PBXBuildFile; fileRef = 41BA94DB2B74F6E8009AA25C /* AddTaskViewModel.swift */; };
		41FAAC4C2B5D27D9009F6510 /* OAuthSwift in Frameworks */ = {isa = PBXBuildFile; productRef = 41FAAC4B2B5D27D9009F6510 /* OAuthSwift */; };
		41FAAC5C2B5FB224009F6510 /* ProjectTasksViewController.swift in Sources */ = {isa = PBXBuildFile; fileRef = 41FAAC5B2B5FB224009F6510 /* ProjectTasksViewController.swift */; };
		41FAAC5E2B5FB23C009F6510 /* ProjectTasksModel.swift in Sources */ = {isa = PBXBuildFile; fileRef = 41FAAC5D2B5FB23C009F6510 /* ProjectTasksModel.swift */; };
		41FAAC602B5FB24F009F6510 /* ProjectTasksViewModel.swift in Sources */ = {isa = PBXBuildFile; fileRef = 41FAAC5F2B5FB24F009F6510 /* ProjectTasksViewModel.swift */; };
		41FAAC6C2B60F9B1009F6510 /* AsanaManager.swift in Sources */ = {isa = PBXBuildFile; fileRef = 41FAAC6B2B60F9B1009F6510 /* AsanaManager.swift */; };
		41FAAC6F2B60F9E8009F6510 /* UserDefaultsManager.swift in Sources */ = {isa = PBXBuildFile; fileRef = 41FAAC6E2B60F9E8009F6510 /* UserDefaultsManager.swift */; };
		41FAAC742B611B68009F6510 /* NewProjectViewController.swift in Sources */ = {isa = PBXBuildFile; fileRef = 41FAAC732B611B68009F6510 /* NewProjectViewController.swift */; };
		41FAAC792B626FF1009F6510 /* SheetPresentationController.swift in Sources */ = {isa = PBXBuildFile; fileRef = 41FAAC782B626FF1009F6510 /* SheetPresentationController.swift */; };
		41FAAC7B2B627B17009F6510 /* AddProjectViewModel.swift in Sources */ = {isa = PBXBuildFile; fileRef = 41FAAC7A2B627B16009F6510 /* AddProjectViewModel.swift */; };
		41FAAC832B6298F0009F6510 /* ProjectsModel.swift in Sources */ = {isa = PBXBuildFile; fileRef = 41FAAC822B6298F0009F6510 /* ProjectsModel.swift */; };
		41FAAC852B62A1E4009F6510 /* ProjectCell.swift in Sources */ = {isa = PBXBuildFile; fileRef = 41FAAC842B62A1E4009F6510 /* ProjectCell.swift */; };
		41FAAC8F2B691826009F6510 /* TaskDetailsViewController.swift in Sources */ = {isa = PBXBuildFile; fileRef = 41FAAC8E2B691826009F6510 /* TaskDetailsViewController.swift */; };
		41FAAC912B69182F009F6510 /* TaskDetailsViewModel.swift in Sources */ = {isa = PBXBuildFile; fileRef = 41FAAC902B69182F009F6510 /* TaskDetailsViewModel.swift */; };
		41FBEB562B55837500A7670A /* AppDelegate.swift in Sources */ = {isa = PBXBuildFile; fileRef = 41FBEB552B55837500A7670A /* AppDelegate.swift */; };
		41FBEB582B55837500A7670A /* SceneDelegate.swift in Sources */ = {isa = PBXBuildFile; fileRef = 41FBEB572B55837500A7670A /* SceneDelegate.swift */; };
		41FBEB5F2B55837800A7670A /* Assets.xcassets in Resources */ = {isa = PBXBuildFile; fileRef = 41FBEB5E2B55837800A7670A /* Assets.xcassets */; };
		41FBEB622B55837800A7670A /* LaunchScreen.storyboard in Resources */ = {isa = PBXBuildFile; fileRef = 41FBEB602B55837800A7670A /* LaunchScreen.storyboard */; };
		41FBEB6C2B566FFA00A7670A /* HomeViewController.swift in Sources */ = {isa = PBXBuildFile; fileRef = 41FBEB6B2B566FFA00A7670A /* HomeViewController.swift */; };
		41FBEB6E2B56700900A7670A /* MyTasksViewController.swift in Sources */ = {isa = PBXBuildFile; fileRef = 41FBEB6D2B56700900A7670A /* MyTasksViewController.swift */; };
		41FBEB702B56702100A7670A /* AccountViewController.swift in Sources */ = {isa = PBXBuildFile; fileRef = 41FBEB6F2B56702100A7670A /* AccountViewController.swift */; };
		41FBEB752B56764600A7670A /* HomePageViewModel.swift in Sources */ = {isa = PBXBuildFile; fileRef = 41FBEB742B56764600A7670A /* HomePageViewModel.swift */; };
		41FBEB7A2B5676E500A7670A /* MytaskViewModel.swift in Sources */ = {isa = PBXBuildFile; fileRef = 41FBEB792B5676E500A7670A /* MytaskViewModel.swift */; };
		41FBEB7F2B56770E00A7670A /* AccountViewModel.swift in Sources */ = {isa = PBXBuildFile; fileRef = 41FBEB7E2B56770E00A7670A /* AccountViewModel.swift */; };
		41FBEB842B5692AD00A7670A /* SUIWelcomeView.swift in Sources */ = {isa = PBXBuildFile; fileRef = 41FBEB832B5692AD00A7670A /* SUIWelcomeView.swift */; };
		41FBEB882B5696F000A7670A /* AnimatedBackgroundView.swift in Sources */ = {isa = PBXBuildFile; fileRef = 41FBEB872B5696F000A7670A /* AnimatedBackgroundView.swift */; };
		41FBEB8B2B56C2DF00A7670A /* SUILoginView.swift in Sources */ = {isa = PBXBuildFile; fileRef = 41FBEB8A2B56C2DF00A7670A /* SUILoginView.swift */; };
		41FBEB902B56C40A00A7670A /* PrimaryButtonComponent.swift in Sources */ = {isa = PBXBuildFile; fileRef = 41FBEB8F2B56C40A00A7670A /* PrimaryButtonComponent.swift */; };
		41FBEB922B56DDE400A7670A /* WelcomePageViewModel.swift in Sources */ = {isa = PBXBuildFile; fileRef = 41FBEB912B56DDE400A7670A /* WelcomePageViewModel.swift */; };
		41FBEB952B56EE1300A7670A /* SUISignUpView.swift in Sources */ = {isa = PBXBuildFile; fileRef = 41FBEB942B56EE1300A7670A /* SUISignUpView.swift */; };
		41FBEB972B56F10100A7670A /* EmailFieldComponent.swift in Sources */ = {isa = PBXBuildFile; fileRef = 41FBEB962B56F10100A7670A /* EmailFieldComponent.swift */; };
		41FBEB992B56F10A00A7670A /* SecureFieldComponent.swift in Sources */ = {isa = PBXBuildFile; fileRef = 41FBEB982B56F10A00A7670A /* SecureFieldComponent.swift */; };
		41FBEB9B2B57C1D400A7670A /* LoginPageViewModel.swift in Sources */ = {isa = PBXBuildFile; fileRef = 41FBEB9A2B57C1D400A7670A /* LoginPageViewModel.swift */; };
		41FBEB9D2B57EA1300A7670A /* CustomTextfieldComponent.swift in Sources */ = {isa = PBXBuildFile; fileRef = 41FBEB9C2B57EA1300A7670A /* CustomTextfieldComponent.swift */; };
		41FBEBA02B58167800A7670A /* Auth0 in Frameworks */ = {isa = PBXBuildFile; productRef = 41FBEB9F2B58167800A7670A /* Auth0 */; };
		41FBEBA22B58186B00A7670A /* Auth0.plist in Resources */ = {isa = PBXBuildFile; fileRef = 41FBEBA12B58186B00A7670A /* Auth0.plist */; };
		41FBEBA62B5959C700A7670A /* SUISIgnUpViewModel.swift in Sources */ = {isa = PBXBuildFile; fileRef = 41FBEBA52B5959C700A7670A /* SUISIgnUpViewModel.swift */; };
		41FBEBA82B596A6900A7670A /* PasswordChecklList.swift in Sources */ = {isa = PBXBuildFile; fileRef = 41FBEBA72B596A6900A7670A /* PasswordChecklList.swift */; };
		41FBEBAA2B5A78A300A7670A /* PasswordStrengthChecklist.swift in Sources */ = {isa = PBXBuildFile; fileRef = 41FBEBA92B5A78A300A7670A /* PasswordStrengthChecklist.swift */; };
/* End PBXBuildFile section */

/* Begin PBXFileReference section */
		4163F4892B6CF9F4001D139A /* CustomBackgroundColor.swift */ = {isa = PBXFileReference; lastKnownFileType = sourcecode.swift; path = CustomBackgroundColor.swift; sourceTree = "<group>"; };
		4163F48D2B6D4D9B001D139A /* TaskAsanaMode.swift */ = {isa = PBXFileReference; lastKnownFileType = sourcecode.swift; path = TaskAsanaMode.swift; sourceTree = "<group>"; };
		4163F4902B6D5424001D139A /* ProjectCellModel.swift */ = {isa = PBXFileReference; lastKnownFileType = sourcecode.swift; path = ProjectCellModel.swift; sourceTree = "<group>"; };
		4163F4922B6D5F0F001D139A /* HomeNavigator.swift */ = {isa = PBXFileReference; lastKnownFileType = sourcecode.swift; path = HomeNavigator.swift; sourceTree = "<group>"; };
		4163F4942B6D662A001D139A /* ProjectTasksNavigator.swift */ = {isa = PBXFileReference; lastKnownFileType = sourcecode.swift; path = ProjectTasksNavigator.swift; sourceTree = "<group>"; };
		4163F4962B6D7072001D139A /* AsanaAuthenticationModel.swift */ = {isa = PBXFileReference; lastKnownFileType = sourcecode.swift; path = AsanaAuthenticationModel.swift; sourceTree = "<group>"; };
		417A807E2B6E33CE00E867E7 /* SubTaskModel.swift */ = {isa = PBXFileReference; lastKnownFileType = sourcecode.swift; path = SubTaskModel.swift; sourceTree = "<group>"; };
		417A80882B6ECF3100E867E7 /* AddSubtaskViewModel.swift */ = {isa = PBXFileReference; lastKnownFileType = sourcecode.swift; path = AddSubtaskViewModel.swift; sourceTree = "<group>"; };
		417A808A2B6ECF4000E867E7 /* TaskDetailsNavigator.swift */ = {isa = PBXFileReference; lastKnownFileType = sourcecode.swift; path = TaskDetailsNavigator.swift; sourceTree = "<group>"; };
		417A808C2B6ED06900E867E7 /* AddSubtaskViewController.swift */ = {isa = PBXFileReference; lastKnownFileType = sourcecode.swift; path = AddSubtaskViewController.swift; sourceTree = "<group>"; };
		41BA94D02B70FEE5009AA25C /* UserTaskListModel.swift */ = {isa = PBXFileReference; lastKnownFileType = sourcecode.swift; path = UserTaskListModel.swift; sourceTree = "<group>"; };
		41BA94D22B710D06009AA25C /* MyTaskListNavigator.swift */ = {isa = PBXFileReference; lastKnownFileType = sourcecode.swift; path = MyTaskListNavigator.swift; sourceTree = "<group>"; };
		41BA94D42B7130EB009AA25C /* UserProfileModel.swift */ = {isa = PBXFileReference; lastKnownFileType = sourcecode.swift; path = UserProfileModel.swift; sourceTree = "<group>"; };
		41BA94D92B74F6DB009AA25C /* AddTaskViewController.swift */ = {isa = PBXFileReference; lastKnownFileType = sourcecode.swift; path = AddTaskViewController.swift; sourceTree = "<group>"; };
		41BA94DB2B74F6E8009AA25C /* AddTaskViewModel.swift */ = {isa = PBXFileReference; lastKnownFileType = sourcecode.swift; path = AddTaskViewModel.swift; sourceTree = "<group>"; };
		41FAAC5B2B5FB224009F6510 /* ProjectTasksViewController.swift */ = {isa = PBXFileReference; lastKnownFileType = sourcecode.swift; path = ProjectTasksViewController.swift; sourceTree = "<group>"; };
		41FAAC5D2B5FB23C009F6510 /* ProjectTasksModel.swift */ = {isa = PBXFileReference; lastKnownFileType = sourcecode.swift; path = ProjectTasksModel.swift; sourceTree = "<group>"; };
		41FAAC5F2B5FB24F009F6510 /* ProjectTasksViewModel.swift */ = {isa = PBXFileReference; lastKnownFileType = sourcecode.swift; path = ProjectTasksViewModel.swift; sourceTree = "<group>"; };
		41FAAC6B2B60F9B1009F6510 /* AsanaManager.swift */ = {isa = PBXFileReference; lastKnownFileType = sourcecode.swift; path = AsanaManager.swift; sourceTree = "<group>"; };
		41FAAC6E2B60F9E8009F6510 /* UserDefaultsManager.swift */ = {isa = PBXFileReference; lastKnownFileType = sourcecode.swift; path = UserDefaultsManager.swift; sourceTree = "<group>"; };
		41FAAC732B611B68009F6510 /* NewProjectViewController.swift */ = {isa = PBXFileReference; lastKnownFileType = sourcecode.swift; path = NewProjectViewController.swift; sourceTree = "<group>"; };
		41FAAC782B626FF1009F6510 /* SheetPresentationController.swift */ = {isa = PBXFileReference; lastKnownFileType = sourcecode.swift; path = SheetPresentationController.swift; sourceTree = "<group>"; };
		41FAAC7A2B627B16009F6510 /* AddProjectViewModel.swift */ = {isa = PBXFileReference; lastKnownFileType = sourcecode.swift; path = AddProjectViewModel.swift; sourceTree = "<group>"; };
		41FAAC822B6298F0009F6510 /* ProjectsModel.swift */ = {isa = PBXFileReference; lastKnownFileType = sourcecode.swift; path = ProjectsModel.swift; sourceTree = "<group>"; };
		41FAAC842B62A1E4009F6510 /* ProjectCell.swift */ = {isa = PBXFileReference; lastKnownFileType = sourcecode.swift; path = ProjectCell.swift; sourceTree = "<group>"; };
		41FAAC8E2B691826009F6510 /* TaskDetailsViewController.swift */ = {isa = PBXFileReference; lastKnownFileType = sourcecode.swift; path = TaskDetailsViewController.swift; sourceTree = "<group>"; };
		41FAAC902B69182F009F6510 /* TaskDetailsViewModel.swift */ = {isa = PBXFileReference; lastKnownFileType = sourcecode.swift; path = TaskDetailsViewModel.swift; sourceTree = "<group>"; };
		41FBEB522B55837500A7670A /* Collabo.app */ = {isa = PBXFileReference; explicitFileType = wrapper.application; includeInIndex = 0; path = Collabo.app; sourceTree = BUILT_PRODUCTS_DIR; };
		41FBEB552B55837500A7670A /* AppDelegate.swift */ = {isa = PBXFileReference; lastKnownFileType = sourcecode.swift; path = AppDelegate.swift; sourceTree = "<group>"; };
		41FBEB572B55837500A7670A /* SceneDelegate.swift */ = {isa = PBXFileReference; lastKnownFileType = sourcecode.swift; path = SceneDelegate.swift; sourceTree = "<group>"; };
		41FBEB5E2B55837800A7670A /* Assets.xcassets */ = {isa = PBXFileReference; lastKnownFileType = folder.assetcatalog; path = Assets.xcassets; sourceTree = "<group>"; };
		41FBEB612B55837800A7670A /* Base */ = {isa = PBXFileReference; lastKnownFileType = file.storyboard; name = Base; path = Base.lproj/LaunchScreen.storyboard; sourceTree = "<group>"; };
		41FBEB632B55837800A7670A /* Info.plist */ = {isa = PBXFileReference; lastKnownFileType = text.plist.xml; path = Info.plist; sourceTree = "<group>"; };
		41FBEB6B2B566FFA00A7670A /* HomeViewController.swift */ = {isa = PBXFileReference; lastKnownFileType = sourcecode.swift; path = HomeViewController.swift; sourceTree = "<group>"; };
		41FBEB6D2B56700900A7670A /* MyTasksViewController.swift */ = {isa = PBXFileReference; lastKnownFileType = sourcecode.swift; path = MyTasksViewController.swift; sourceTree = "<group>"; };
		41FBEB6F2B56702100A7670A /* AccountViewController.swift */ = {isa = PBXFileReference; lastKnownFileType = sourcecode.swift; path = AccountViewController.swift; sourceTree = "<group>"; };
		41FBEB742B56764600A7670A /* HomePageViewModel.swift */ = {isa = PBXFileReference; lastKnownFileType = sourcecode.swift; path = HomePageViewModel.swift; sourceTree = "<group>"; };
		41FBEB792B5676E500A7670A /* MytaskViewModel.swift */ = {isa = PBXFileReference; lastKnownFileType = sourcecode.swift; path = MytaskViewModel.swift; sourceTree = "<group>"; };
		41FBEB7E2B56770E00A7670A /* AccountViewModel.swift */ = {isa = PBXFileReference; lastKnownFileType = sourcecode.swift; path = AccountViewModel.swift; sourceTree = "<group>"; };
		41FBEB832B5692AD00A7670A /* SUIWelcomeView.swift */ = {isa = PBXFileReference; lastKnownFileType = sourcecode.swift; path = SUIWelcomeView.swift; sourceTree = "<group>"; };
		41FBEB872B5696F000A7670A /* AnimatedBackgroundView.swift */ = {isa = PBXFileReference; lastKnownFileType = sourcecode.swift; path = AnimatedBackgroundView.swift; sourceTree = "<group>"; };
		41FBEB8A2B56C2DF00A7670A /* SUILoginView.swift */ = {isa = PBXFileReference; lastKnownFileType = sourcecode.swift; path = SUILoginView.swift; sourceTree = "<group>"; };
		41FBEB8F2B56C40A00A7670A /* PrimaryButtonComponent.swift */ = {isa = PBXFileReference; lastKnownFileType = sourcecode.swift; path = PrimaryButtonComponent.swift; sourceTree = "<group>"; };
		41FBEB912B56DDE400A7670A /* WelcomePageViewModel.swift */ = {isa = PBXFileReference; lastKnownFileType = sourcecode.swift; path = WelcomePageViewModel.swift; sourceTree = "<group>"; };
		41FBEB942B56EE1300A7670A /* SUISignUpView.swift */ = {isa = PBXFileReference; lastKnownFileType = sourcecode.swift; path = SUISignUpView.swift; sourceTree = "<group>"; };
		41FBEB962B56F10100A7670A /* EmailFieldComponent.swift */ = {isa = PBXFileReference; lastKnownFileType = sourcecode.swift; path = EmailFieldComponent.swift; sourceTree = "<group>"; };
		41FBEB982B56F10A00A7670A /* SecureFieldComponent.swift */ = {isa = PBXFileReference; lastKnownFileType = sourcecode.swift; path = SecureFieldComponent.swift; sourceTree = "<group>"; };
		41FBEB9A2B57C1D400A7670A /* LoginPageViewModel.swift */ = {isa = PBXFileReference; lastKnownFileType = sourcecode.swift; path = LoginPageViewModel.swift; sourceTree = "<group>"; };
		41FBEB9C2B57EA1300A7670A /* CustomTextfieldComponent.swift */ = {isa = PBXFileReference; lastKnownFileType = sourcecode.swift; path = CustomTextfieldComponent.swift; sourceTree = "<group>"; };
		41FBEBA12B58186B00A7670A /* Auth0.plist */ = {isa = PBXFileReference; lastKnownFileType = text.plist.xml; path = Auth0.plist; sourceTree = "<group>"; };
		41FBEBA52B5959C700A7670A /* SUISIgnUpViewModel.swift */ = {isa = PBXFileReference; lastKnownFileType = sourcecode.swift; path = SUISIgnUpViewModel.swift; sourceTree = "<group>"; };
		41FBEBA72B596A6900A7670A /* PasswordChecklList.swift */ = {isa = PBXFileReference; lastKnownFileType = sourcecode.swift; path = PasswordChecklList.swift; sourceTree = "<group>"; };
		41FBEBA92B5A78A300A7670A /* PasswordStrengthChecklist.swift */ = {isa = PBXFileReference; lastKnownFileType = sourcecode.swift; path = PasswordStrengthChecklist.swift; sourceTree = "<group>"; };
/* End PBXFileReference section */

/* Begin PBXFrameworksBuildPhase section */
		41FBEB4F2B55837500A7670A /* Frameworks */ = {
			isa = PBXFrameworksBuildPhase;
			buildActionMask = 2147483647;
			files = (
				41FAAC4C2B5D27D9009F6510 /* OAuthSwift in Frameworks */,
				41FBEBA02B58167800A7670A /* Auth0 in Frameworks */,
			);
			runOnlyForDeploymentPostprocessing = 0;
		};
/* End PBXFrameworksBuildPhase section */

/* Begin PBXGroup section */
		4163F48F2B6D53CC001D139A /* ProjectCell */ = {
			isa = PBXGroup;
			children = (
				41FAAC842B62A1E4009F6510 /* ProjectCell.swift */,
				4163F4902B6D5424001D139A /* ProjectCellModel.swift */,
			);
			path = ProjectCell;
			sourceTree = "<group>";
		};
		417A80852B6ECF0A00E867E7 /* AddSubtaskPage */ = {
			isa = PBXGroup;
			children = (
				417A808C2B6ED06900E867E7 /* AddSubtaskViewController.swift */,
				417A80882B6ECF3100E867E7 /* AddSubtaskViewModel.swift */,
			);
			path = AddSubtaskPage;
			sourceTree = "<group>";
		};
		41BA94D62B71AD77009AA25C /* SwiftUIViews */ = {
			isa = PBXGroup;
			children = (
				41FBEB802B56772900A7670A /* Onboarding */,
				41FBEB892B56C2B900A7670A /* LoginPage */,
				41FBEB932B56EDEC00A7670A /* SignUpPage */,
			);
			name = SwiftUIViews;
			sourceTree = "<group>";
		};
		41BA94D72B71ADC8009AA25C /* ViewControllers */ = {
			isa = PBXGroup;
			children = (
				41FBEB712B56762B00A7670A /* HomePage */,
				41FAAC702B6119CF009F6510 /* CreateNewProjectPage */,
				41FAAC5A2B5FB1EC009F6510 /* ProjectTasksPage */,
				41BA94D82B74F6B3009AA25C /* AddtaskPage */,
				41FAAC8D2B6917F4009F6510 /* TaskDetailsPage */,
				417A80852B6ECF0A00E867E7 /* AddSubtaskPage */,
				41FBEB762B5676D000A7670A /* MyTaskPage */,
				41FBEB7B2B5676EF00A7670A /* AccountSettingsPage */,
			);
			name = ViewControllers;
			sourceTree = "<group>";
		};
		41BA94D82B74F6B3009AA25C /* AddtaskPage */ = {
			isa = PBXGroup;
			children = (
				41BA94D92B74F6DB009AA25C /* AddTaskViewController.swift */,
				41BA94DB2B74F6E8009AA25C /* AddTaskViewModel.swift */,
			);
			name = AddtaskPage;
			path = HomePage;
			sourceTree = "<group>";
		};
		41FAAC5A2B5FB1EC009F6510 /* ProjectTasksPage */ = {
			isa = PBXGroup;
			children = (
				41FAAC5B2B5FB224009F6510 /* ProjectTasksViewController.swift */,
				41FAAC5F2B5FB24F009F6510 /* ProjectTasksViewModel.swift */,
				4163F4942B6D662A001D139A /* ProjectTasksNavigator.swift */,
			);
			name = ProjectTasksPage;
			path = HomePage;
			sourceTree = "<group>";
		};
		41FAAC6A2B60F994009F6510 /* AsanaManager */ = {
			isa = PBXGroup;
			children = (
				41FAAC6B2B60F9B1009F6510 /* AsanaManager.swift */,
			);
			name = AsanaManager;
			sourceTree = "<group>";
		};
		41FAAC6D2B60F9CD009F6510 /* UserDefaultsManager */ = {
			isa = PBXGroup;
			children = (
				41FAAC6E2B60F9E8009F6510 /* UserDefaultsManager.swift */,
			);
			name = UserDefaultsManager;
			sourceTree = "<group>";
		};
		41FAAC702B6119CF009F6510 /* CreateNewProjectPage */ = {
			isa = PBXGroup;
			children = (
				41FAAC732B611B68009F6510 /* NewProjectViewController.swift */,
				41FAAC7A2B627B16009F6510 /* AddProjectViewModel.swift */,
			);
			path = CreateNewProjectPage;
			sourceTree = "<group>";
		};
		41FAAC752B611D6E009F6510 /* UIKitComponents */ = {
			isa = PBXGroup;
			children = (
				4163F48F2B6D53CC001D139A /* ProjectCell */,
				41FAAC782B626FF1009F6510 /* SheetPresentationController.swift */,
				4163F4892B6CF9F4001D139A /* CustomBackgroundColor.swift */,
			);
			path = UIKitComponents;
			sourceTree = "<group>";
		};
		41FAAC812B6298DA009F6510 /* Models */ = {
			isa = PBXGroup;
			children = (
				41FAAC822B6298F0009F6510 /* ProjectsModel.swift */,
				41FAAC5D2B5FB23C009F6510 /* ProjectTasksModel.swift */,
				41BA94D02B70FEE5009AA25C /* UserTaskListModel.swift */,
				4163F48D2B6D4D9B001D139A /* TaskAsanaMode.swift */,
				417A807E2B6E33CE00E867E7 /* SubTaskModel.swift */,
				4163F4962B6D7072001D139A /* AsanaAuthenticationModel.swift */,
				41BA94D42B7130EB009AA25C /* UserProfileModel.swift */,
			);
			name = Models;
			sourceTree = "<group>";
		};
		41FAAC8D2B6917F4009F6510 /* TaskDetailsPage */ = {
			isa = PBXGroup;
			children = (
				41FAAC8E2B691826009F6510 /* TaskDetailsViewController.swift */,
				41FAAC902B69182F009F6510 /* TaskDetailsViewModel.swift */,
				417A808A2B6ECF4000E867E7 /* TaskDetailsNavigator.swift */,
			);
			path = TaskDetailsPage;
			sourceTree = "<group>";
		};
		41FBEB492B55837500A7670A = {
			isa = PBXGroup;
			children = (
				41FBEB542B55837500A7670A /* Collabo */,
				41FBEB532B55837500A7670A /* Products */,
			);
			sourceTree = "<group>";
		};
		41FBEB532B55837500A7670A /* Products */ = {
			isa = PBXGroup;
			children = (
				41FBEB522B55837500A7670A /* Collabo.app */,
			);
			name = Products;
			sourceTree = "<group>";
		};
		41FBEB542B55837500A7670A /* Collabo */ = {
			isa = PBXGroup;
			children = (
				41FBEB552B55837500A7670A /* AppDelegate.swift */,
				41FBEB572B55837500A7670A /* SceneDelegate.swift */,
				41FAAC6D2B60F9CD009F6510 /* UserDefaultsManager */,
				41FAAC6A2B60F994009F6510 /* AsanaManager */,
				41FAAC812B6298DA009F6510 /* Models */,
				41BA94D62B71AD77009AA25C /* SwiftUIViews */,
				41BA94D72B71ADC8009AA25C /* ViewControllers */,
				41FBEB8E2B56C3E700A7670A /* SwiftUIComponents */,
				41FAAC752B611D6E009F6510 /* UIKitComponents */,
				41FBEBA12B58186B00A7670A /* Auth0.plist */,
				41FBEB5E2B55837800A7670A /* Assets.xcassets */,
				41FBEB602B55837800A7670A /* LaunchScreen.storyboard */,
				41FBEB632B55837800A7670A /* Info.plist */,
			);
			path = Collabo;
			sourceTree = "<group>";
		};
		41FBEB712B56762B00A7670A /* HomePage */ = {
			isa = PBXGroup;
			children = (
				41FBEB6B2B566FFA00A7670A /* HomeViewController.swift */,
				41FBEB742B56764600A7670A /* HomePageViewModel.swift */,
				4163F4922B6D5F0F001D139A /* HomeNavigator.swift */,
			);
			path = HomePage;
			sourceTree = "<group>";
		};
		41FBEB762B5676D000A7670A /* MyTaskPage */ = {
			isa = PBXGroup;
			children = (
				41FBEB6D2B56700900A7670A /* MyTasksViewController.swift */,
				41FBEB792B5676E500A7670A /* MytaskViewModel.swift */,
				41BA94D22B710D06009AA25C /* MyTaskListNavigator.swift */,
			);
			path = MyTaskPage;
			sourceTree = "<group>";
		};
		41FBEB7B2B5676EF00A7670A /* AccountSettingsPage */ = {
			isa = PBXGroup;
			children = (
				41FBEB6F2B56702100A7670A /* AccountViewController.swift */,
				41FBEB7E2B56770E00A7670A /* AccountViewModel.swift */,
			);
			path = AccountSettingsPage;
			sourceTree = "<group>";
		};
		41FBEB802B56772900A7670A /* Onboarding */ = {
			isa = PBXGroup;
			children = (
				41FBEB832B5692AD00A7670A /* SUIWelcomeView.swift */,
				41FBEB912B56DDE400A7670A /* WelcomePageViewModel.swift */,
			);
			name = Onboarding;
			path = HomePage;
			sourceTree = "<group>";
		};
		41FBEB892B56C2B900A7670A /* LoginPage */ = {
			isa = PBXGroup;
			children = (
				41FBEB8A2B56C2DF00A7670A /* SUILoginView.swift */,
				41FBEB9A2B57C1D400A7670A /* LoginPageViewModel.swift */,
			);
			name = LoginPage;
			path = HomePage;
			sourceTree = "<group>";
		};
		41FBEB8E2B56C3E700A7670A /* SwiftUIComponents */ = {
			isa = PBXGroup;
			children = (
				41FBEB872B5696F000A7670A /* AnimatedBackgroundView.swift */,
				41FBEB8F2B56C40A00A7670A /* PrimaryButtonComponent.swift */,
				41FBEB9C2B57EA1300A7670A /* CustomTextfieldComponent.swift */,
				41FBEB962B56F10100A7670A /* EmailFieldComponent.swift */,
				41FBEB982B56F10A00A7670A /* SecureFieldComponent.swift */,
			);
			name = SwiftUIComponents;
			path = HomePage;
			sourceTree = "<group>";
		};
		41FBEB932B56EDEC00A7670A /* SignUpPage */ = {
			isa = PBXGroup;
			children = (
				41FBEBA52B5959C700A7670A /* SUISIgnUpViewModel.swift */,
				41FBEB942B56EE1300A7670A /* SUISignUpView.swift */,
				41FBEBA72B596A6900A7670A /* PasswordChecklList.swift */,
				41FBEBA92B5A78A300A7670A /* PasswordStrengthChecklist.swift */,
			);
			path = SignUpPage;
			sourceTree = "<group>";
		};
/* End PBXGroup section */

/* Begin PBXNativeTarget section */
		41FBEB512B55837500A7670A /* Collabo */ = {
			isa = PBXNativeTarget;
			buildConfigurationList = 41FBEB662B55837800A7670A /* Build configuration list for PBXNativeTarget "Collabo" */;
			buildPhases = (
				41FBEB4E2B55837500A7670A /* Sources */,
				41FBEB4F2B55837500A7670A /* Frameworks */,
				41FBEB502B55837500A7670A /* Resources */,
			);
			buildRules = (
			);
			dependencies = (
			);
			name = Collabo;
			packageProductDependencies = (
				41FBEB9F2B58167800A7670A /* Auth0 */,
				41FAAC4B2B5D27D9009F6510 /* OAuthSwift */,
			);
			productName = Collabo;
			productReference = 41FBEB522B55837500A7670A /* Collabo.app */;
			productType = "com.apple.product-type.application";
		};
/* End PBXNativeTarget section */

/* Begin PBXProject section */
		41FBEB4A2B55837500A7670A /* Project object */ = {
			isa = PBXProject;
			attributes = {
				BuildIndependentTargetsInParallel = 1;
				LastSwiftUpdateCheck = 1510;
				LastUpgradeCheck = 1510;
				TargetAttributes = {
					41FBEB512B55837500A7670A = {
						CreatedOnToolsVersion = 15.1;
					};
				};
			};
			buildConfigurationList = 41FBEB4D2B55837500A7670A /* Build configuration list for PBXProject "Collabo" */;
			compatibilityVersion = "Xcode 14.0";
			developmentRegion = en;
			hasScannedForEncodings = 0;
			knownRegions = (
				en,
				Base,
			);
			mainGroup = 41FBEB492B55837500A7670A;
			packageReferences = (
				41FBEB9E2B58167700A7670A /* XCRemoteSwiftPackageReference "Auth0.swift" */,
				41FAAC4A2B5D27D9009F6510 /* XCRemoteSwiftPackageReference "OAuthSwift" */,
			);
			productRefGroup = 41FBEB532B55837500A7670A /* Products */;
			projectDirPath = "";
			projectRoot = "";
			targets = (
				41FBEB512B55837500A7670A /* Collabo */,
			);
		};
/* End PBXProject section */

/* Begin PBXResourcesBuildPhase section */
		41FBEB502B55837500A7670A /* Resources */ = {
			isa = PBXResourcesBuildPhase;
			buildActionMask = 2147483647;
			files = (
				41FBEB622B55837800A7670A /* LaunchScreen.storyboard in Resources */,
				41FBEBA22B58186B00A7670A /* Auth0.plist in Resources */,
				41FBEB5F2B55837800A7670A /* Assets.xcassets in Resources */,
			);
			runOnlyForDeploymentPostprocessing = 0;
		};
/* End PBXResourcesBuildPhase section */

/* Begin PBXSourcesBuildPhase section */
		41FBEB4E2B55837500A7670A /* Sources */ = {
			isa = PBXSourcesBuildPhase;
			buildActionMask = 2147483647;
			files = (
				4163F48A2B6CF9F4001D139A /* CustomBackgroundColor.swift in Sources */,
				41FBEB6C2B566FFA00A7670A /* HomeViewController.swift in Sources */,
				41FBEB702B56702100A7670A /* AccountViewController.swift in Sources */,
				41FAAC912B69182F009F6510 /* TaskDetailsViewModel.swift in Sources */,
				41FBEB752B56764600A7670A /* HomePageViewModel.swift in Sources */,
				41FAAC7B2B627B17009F6510 /* AddProjectViewModel.swift in Sources */,
				417A80892B6ECF3100E867E7 /* AddSubtaskViewModel.swift in Sources */,
				4163F4972B6D7072001D139A /* AsanaAuthenticationModel.swift in Sources */,
				41FBEB842B5692AD00A7670A /* SUIWelcomeView.swift in Sources */,
				41FAAC742B611B68009F6510 /* NewProjectViewController.swift in Sources */,
				41FAAC5E2B5FB23C009F6510 /* ProjectTasksModel.swift in Sources */,
				41FBEB562B55837500A7670A /* AppDelegate.swift in Sources */,
				41FAAC852B62A1E4009F6510 /* ProjectCell.swift in Sources */,
				41FBEB7F2B56770E00A7670A /* AccountViewModel.swift in Sources */,
				41FAAC6C2B60F9B1009F6510 /* AsanaManager.swift in Sources */,
				417A808D2B6ED06900E867E7 /* AddSubtaskViewController.swift in Sources */,
				41FBEB992B56F10A00A7670A /* SecureFieldComponent.swift in Sources */,
				417A808B2B6ECF4000E867E7 /* TaskDetailsNavigator.swift in Sources */,
				41FAAC5C2B5FB224009F6510 /* ProjectTasksViewController.swift in Sources */,
				41BA94D12B70FEE5009AA25C /* UserTaskListModel.swift in Sources */,
				41FBEBA62B5959C700A7670A /* SUISIgnUpViewModel.swift in Sources */,
				41FAAC8F2B691826009F6510 /* TaskDetailsViewController.swift in Sources */,
				41FBEB882B5696F000A7670A /* AnimatedBackgroundView.swift in Sources */,
				4163F48E2B6D4D9B001D139A /* TaskAsanaMode.swift in Sources */,
				41FBEB902B56C40A00A7670A /* PrimaryButtonComponent.swift in Sources */,
				41BA94DC2B74F6E8009AA25C /* AddTaskViewModel.swift in Sources */,
				41FAAC602B5FB24F009F6510 /* ProjectTasksViewModel.swift in Sources */,
				41FBEBA82B596A6900A7670A /* PasswordChecklList.swift in Sources */,
				41FBEB922B56DDE400A7670A /* WelcomePageViewModel.swift in Sources */,
				41FBEBAA2B5A78A300A7670A /* PasswordStrengthChecklist.swift in Sources */,
				417A807F2B6E33CE00E867E7 /* SubTaskModel.swift in Sources */,
				4163F4932B6D5F10001D139A /* HomeNavigator.swift in Sources */,
				41FBEB582B55837500A7670A /* SceneDelegate.swift in Sources */,
				4163F4912B6D5424001D139A /* ProjectCellModel.swift in Sources */,
				41FBEB9B2B57C1D400A7670A /* LoginPageViewModel.swift in Sources */,
				41FBEB952B56EE1300A7670A /* SUISignUpView.swift in Sources */,
				41FBEB8B2B56C2DF00A7670A /* SUILoginView.swift in Sources */,
				41BA94D32B710D06009AA25C /* MyTaskListNavigator.swift in Sources */,
				41FBEB7A2B5676E500A7670A /* MytaskViewModel.swift in Sources */,
				41FAAC832B6298F0009F6510 /* ProjectsModel.swift in Sources */,
				41FBEB9D2B57EA1300A7670A /* CustomTextfieldComponent.swift in Sources */,
				41FAAC6F2B60F9E8009F6510 /* UserDefaultsManager.swift in Sources */,
				41BA94DA2B74F6DB009AA25C /* AddTaskViewController.swift in Sources */,
				41FBEB6E2B56700900A7670A /* MyTasksViewController.swift in Sources */,
				41FBEB972B56F10100A7670A /* EmailFieldComponent.swift in Sources */,
				4163F4952B6D662A001D139A /* ProjectTasksNavigator.swift in Sources */,
				41FAAC792B626FF1009F6510 /* SheetPresentationController.swift in Sources */,
				41BA94D52B7130EB009AA25C /* UserProfileModel.swift in Sources */,
			);
			runOnlyForDeploymentPostprocessing = 0;
		};
/* End PBXSourcesBuildPhase section */

/* Begin PBXVariantGroup section */
		41FBEB602B55837800A7670A /* LaunchScreen.storyboard */ = {
			isa = PBXVariantGroup;
			children = (
				41FBEB612B55837800A7670A /* Base */,
			);
			name = LaunchScreen.storyboard;
			sourceTree = "<group>";
		};
/* End PBXVariantGroup section */

/* Begin XCBuildConfiguration section */
		41FBEB642B55837800A7670A /* Debug */ = {
			isa = XCBuildConfiguration;
			buildSettings = {
				ALWAYS_SEARCH_USER_PATHS = NO;
				ASSETCATALOG_COMPILER_GENERATE_SWIFT_ASSET_SYMBOL_EXTENSIONS = YES;
				CLANG_ANALYZER_NONNULL = YES;
				CLANG_ANALYZER_NUMBER_OBJECT_CONVERSION = YES_AGGRESSIVE;
				CLANG_CXX_LANGUAGE_STANDARD = "gnu++20";
				CLANG_ENABLE_MODULES = YES;
				CLANG_ENABLE_OBJC_ARC = YES;
				CLANG_ENABLE_OBJC_WEAK = YES;
				CLANG_WARN_BLOCK_CAPTURE_AUTORELEASING = YES;
				CLANG_WARN_BOOL_CONVERSION = YES;
				CLANG_WARN_COMMA = YES;
				CLANG_WARN_CONSTANT_CONVERSION = YES;
				CLANG_WARN_DEPRECATED_OBJC_IMPLEMENTATIONS = YES;
				CLANG_WARN_DIRECT_OBJC_ISA_USAGE = YES_ERROR;
				CLANG_WARN_DOCUMENTATION_COMMENTS = YES;
				CLANG_WARN_EMPTY_BODY = YES;
				CLANG_WARN_ENUM_CONVERSION = YES;
				CLANG_WARN_INFINITE_RECURSION = YES;
				CLANG_WARN_INT_CONVERSION = YES;
				CLANG_WARN_NON_LITERAL_NULL_CONVERSION = YES;
				CLANG_WARN_OBJC_IMPLICIT_RETAIN_SELF = YES;
				CLANG_WARN_OBJC_LITERAL_CONVERSION = YES;
				CLANG_WARN_OBJC_ROOT_CLASS = YES_ERROR;
				CLANG_WARN_QUOTED_INCLUDE_IN_FRAMEWORK_HEADER = YES;
				CLANG_WARN_RANGE_LOOP_ANALYSIS = YES;
				CLANG_WARN_STRICT_PROTOTYPES = YES;
				CLANG_WARN_SUSPICIOUS_MOVE = YES;
				CLANG_WARN_UNGUARDED_AVAILABILITY = YES_AGGRESSIVE;
				CLANG_WARN_UNREACHABLE_CODE = YES;
				CLANG_WARN__DUPLICATE_METHOD_MATCH = YES;
				COPY_PHASE_STRIP = NO;
				DEBUG_INFORMATION_FORMAT = dwarf;
				ENABLE_STRICT_OBJC_MSGSEND = YES;
				ENABLE_TESTABILITY = YES;
				ENABLE_USER_SCRIPT_SANDBOXING = YES;
				GCC_C_LANGUAGE_STANDARD = gnu17;
				GCC_DYNAMIC_NO_PIC = NO;
				GCC_NO_COMMON_BLOCKS = YES;
				GCC_OPTIMIZATION_LEVEL = 0;
				GCC_PREPROCESSOR_DEFINITIONS = (
					"DEBUG=1",
					"$(inherited)",
				);
				GCC_WARN_64_TO_32_BIT_CONVERSION = YES;
				GCC_WARN_ABOUT_RETURN_TYPE = YES_ERROR;
				GCC_WARN_UNDECLARED_SELECTOR = YES;
				GCC_WARN_UNINITIALIZED_AUTOS = YES_AGGRESSIVE;
				GCC_WARN_UNUSED_FUNCTION = YES;
				GCC_WARN_UNUSED_VARIABLE = YES;
				IPHONEOS_DEPLOYMENT_TARGET = 17.2;
				LOCALIZATION_PREFERS_STRING_CATALOGS = YES;
				MTL_ENABLE_DEBUG_INFO = INCLUDE_SOURCE;
				MTL_FAST_MATH = YES;
				ONLY_ACTIVE_ARCH = YES;
				SDKROOT = iphoneos;
				SWIFT_ACTIVE_COMPILATION_CONDITIONS = "DEBUG $(inherited)";
				SWIFT_OPTIMIZATION_LEVEL = "-Onone";
			};
			name = Debug;
		};
		41FBEB652B55837800A7670A /* Release */ = {
			isa = XCBuildConfiguration;
			buildSettings = {
				ALWAYS_SEARCH_USER_PATHS = NO;
				ASSETCATALOG_COMPILER_GENERATE_SWIFT_ASSET_SYMBOL_EXTENSIONS = YES;
				CLANG_ANALYZER_NONNULL = YES;
				CLANG_ANALYZER_NUMBER_OBJECT_CONVERSION = YES_AGGRESSIVE;
				CLANG_CXX_LANGUAGE_STANDARD = "gnu++20";
				CLANG_ENABLE_MODULES = YES;
				CLANG_ENABLE_OBJC_ARC = YES;
				CLANG_ENABLE_OBJC_WEAK = YES;
				CLANG_WARN_BLOCK_CAPTURE_AUTORELEASING = YES;
				CLANG_WARN_BOOL_CONVERSION = YES;
				CLANG_WARN_COMMA = YES;
				CLANG_WARN_CONSTANT_CONVERSION = YES;
				CLANG_WARN_DEPRECATED_OBJC_IMPLEMENTATIONS = YES;
				CLANG_WARN_DIRECT_OBJC_ISA_USAGE = YES_ERROR;
				CLANG_WARN_DOCUMENTATION_COMMENTS = YES;
				CLANG_WARN_EMPTY_BODY = YES;
				CLANG_WARN_ENUM_CONVERSION = YES;
				CLANG_WARN_INFINITE_RECURSION = YES;
				CLANG_WARN_INT_CONVERSION = YES;
				CLANG_WARN_NON_LITERAL_NULL_CONVERSION = YES;
				CLANG_WARN_OBJC_IMPLICIT_RETAIN_SELF = YES;
				CLANG_WARN_OBJC_LITERAL_CONVERSION = YES;
				CLANG_WARN_OBJC_ROOT_CLASS = YES_ERROR;
				CLANG_WARN_QUOTED_INCLUDE_IN_FRAMEWORK_HEADER = YES;
				CLANG_WARN_RANGE_LOOP_ANALYSIS = YES;
				CLANG_WARN_STRICT_PROTOTYPES = YES;
				CLANG_WARN_SUSPICIOUS_MOVE = YES;
				CLANG_WARN_UNGUARDED_AVAILABILITY = YES_AGGRESSIVE;
				CLANG_WARN_UNREACHABLE_CODE = YES;
				CLANG_WARN__DUPLICATE_METHOD_MATCH = YES;
				COPY_PHASE_STRIP = NO;
				DEBUG_INFORMATION_FORMAT = "dwarf-with-dsym";
				ENABLE_NS_ASSERTIONS = NO;
				ENABLE_STRICT_OBJC_MSGSEND = YES;
				ENABLE_USER_SCRIPT_SANDBOXING = YES;
				GCC_C_LANGUAGE_STANDARD = gnu17;
				GCC_NO_COMMON_BLOCKS = YES;
				GCC_WARN_64_TO_32_BIT_CONVERSION = YES;
				GCC_WARN_ABOUT_RETURN_TYPE = YES_ERROR;
				GCC_WARN_UNDECLARED_SELECTOR = YES;
				GCC_WARN_UNINITIALIZED_AUTOS = YES_AGGRESSIVE;
				GCC_WARN_UNUSED_FUNCTION = YES;
				GCC_WARN_UNUSED_VARIABLE = YES;
				IPHONEOS_DEPLOYMENT_TARGET = 17.2;
				LOCALIZATION_PREFERS_STRING_CATALOGS = YES;
				MTL_ENABLE_DEBUG_INFO = NO;
				MTL_FAST_MATH = YES;
				SDKROOT = iphoneos;
				SWIFT_COMPILATION_MODE = wholemodule;
				VALIDATE_PRODUCT = YES;
			};
			name = Release;
		};
		41FBEB672B55837800A7670A /* Debug */ = {
			isa = XCBuildConfiguration;
			buildSettings = {
				ASSETCATALOG_COMPILER_APPICON_NAME = AppIcon;
				ASSETCATALOG_COMPILER_GLOBAL_ACCENT_COLOR_NAME = AccentColor;
				CODE_SIGN_STYLE = Automatic;
				CURRENT_PROJECT_VERSION = 1;
				DEVELOPMENT_TEAM = K84R5X722N;
				GENERATE_INFOPLIST_FILE = YES;
				IBSC_WARNINGS = YES;
				INFOPLIST_FILE = Collabo/Info.plist;
				INFOPLIST_KEY_UIApplicationSupportsIndirectInputEvents = YES;
				INFOPLIST_KEY_UILaunchStoryboardName = LaunchScreen;
				INFOPLIST_KEY_UIMainStoryboardFile = "";
				INFOPLIST_KEY_UISupportedInterfaceOrientations = UIInterfaceOrientationPortrait;
				INFOPLIST_KEY_UISupportedInterfaceOrientations_iPad = "UIInterfaceOrientationLandscapeLeft UIInterfaceOrientationLandscapeRight UIInterfaceOrientationPortrait UIInterfaceOrientationPortraitUpsideDown";
				IPHONEOS_DEPLOYMENT_TARGET = 17.0;
				LD_RUNPATH_SEARCH_PATHS = (
					"$(inherited)",
					"@executable_path/Frameworks",
				);
				MARKETING_VERSION = 1.0;
				PRODUCT_BUNDLE_IDENTIFIER = com.TockProducts.Collabo;
				PRODUCT_NAME = "$(TARGET_NAME)";
				SWIFT_EMIT_LOC_STRINGS = YES;
				SWIFT_VERSION = 5.0;
				TARGETED_DEVICE_FAMILY = "1,2";
			};
			name = Debug;
		};
		41FBEB682B55837800A7670A /* Release */ = {
			isa = XCBuildConfiguration;
			buildSettings = {
				ASSETCATALOG_COMPILER_APPICON_NAME = AppIcon;
				ASSETCATALOG_COMPILER_GLOBAL_ACCENT_COLOR_NAME = AccentColor;
				CODE_SIGN_STYLE = Automatic;
				CURRENT_PROJECT_VERSION = 1;
				DEVELOPMENT_TEAM = K84R5X722N;
				GENERATE_INFOPLIST_FILE = YES;
				IBSC_WARNINGS = YES;
				INFOPLIST_FILE = Collabo/Info.plist;
				INFOPLIST_KEY_UIApplicationSupportsIndirectInputEvents = YES;
				INFOPLIST_KEY_UILaunchStoryboardName = LaunchScreen;
				INFOPLIST_KEY_UIMainStoryboardFile = "";
				INFOPLIST_KEY_UISupportedInterfaceOrientations = UIInterfaceOrientationPortrait;
				INFOPLIST_KEY_UISupportedInterfaceOrientations_iPad = "UIInterfaceOrientationLandscapeLeft UIInterfaceOrientationLandscapeRight UIInterfaceOrientationPortrait UIInterfaceOrientationPortraitUpsideDown";
				IPHONEOS_DEPLOYMENT_TARGET = 17.0;
				LD_RUNPATH_SEARCH_PATHS = (
					"$(inherited)",
					"@executable_path/Frameworks",
				);
				MARKETING_VERSION = 1.0;
				PRODUCT_BUNDLE_IDENTIFIER = com.TockProducts.Collabo;
				PRODUCT_NAME = "$(TARGET_NAME)";
				SWIFT_EMIT_LOC_STRINGS = YES;
				SWIFT_VERSION = 5.0;
				TARGETED_DEVICE_FAMILY = "1,2";
			};
			name = Release;
		};
/* End XCBuildConfiguration section */

/* Begin XCConfigurationList section */
		41FBEB4D2B55837500A7670A /* Build configuration list for PBXProject "Collabo" */ = {
			isa = XCConfigurationList;
			buildConfigurations = (
				41FBEB642B55837800A7670A /* Debug */,
				41FBEB652B55837800A7670A /* Release */,
			);
			defaultConfigurationIsVisible = 0;
			defaultConfigurationName = Release;
		};
		41FBEB662B55837800A7670A /* Build configuration list for PBXNativeTarget "Collabo" */ = {
			isa = XCConfigurationList;
			buildConfigurations = (
				41FBEB672B55837800A7670A /* Debug */,
				41FBEB682B55837800A7670A /* Release */,
			);
			defaultConfigurationIsVisible = 0;
			defaultConfigurationName = Release;
		};
/* End XCConfigurationList section */

/* Begin XCRemoteSwiftPackageReference section */
		41FAAC4A2B5D27D9009F6510 /* XCRemoteSwiftPackageReference "OAuthSwift" */ = {
			isa = XCRemoteSwiftPackageReference;
			repositoryURL = "https://github.com/OAuthSwift/OAuthSwift.git";
			requirement = {
				kind = upToNextMajorVersion;
				minimumVersion = 2.2.0;
			};
		};
		41FBEB9E2B58167700A7670A /* XCRemoteSwiftPackageReference "Auth0.swift" */ = {
			isa = XCRemoteSwiftPackageReference;
			repositoryURL = "https://github.com/auth0/Auth0.swift.git";
			requirement = {
				kind = upToNextMinorVersion;
				minimumVersion = 2.5.0;
			};
		};
/* End XCRemoteSwiftPackageReference section */

/* Begin XCSwiftPackageProductDependency section */
		41FAAC4B2B5D27D9009F6510 /* OAuthSwift */ = {
			isa = XCSwiftPackageProductDependency;
			package = 41FAAC4A2B5D27D9009F6510 /* XCRemoteSwiftPackageReference "OAuthSwift" */;
			productName = OAuthSwift;
		};
		41FBEB9F2B58167800A7670A /* Auth0 */ = {
			isa = XCSwiftPackageProductDependency;
			package = 41FBEB9E2B58167700A7670A /* XCRemoteSwiftPackageReference "Auth0.swift" */;
			productName = Auth0;
		};
/* End XCSwiftPackageProductDependency section */
	};
	rootObject = 41FBEB4A2B55837500A7670A /* Project object */;
}
